{
  "name": "practice_projects",
  "lockfileVersion": 3,
  "requires": true,
  "packages": {
    "": {
      "dependencies": {
        "piral-core": "^1.4.3"
      }
    },
    "node_modules/isarray": {
      "version": "0.0.1",
      "resolved": "https://registry.npmjs.org/isarray/-/isarray-0.0.1.tgz",
      "integrity": "sha512-D2S+3GLxWH+uhrNEcoh/fnmYeP8E8/zHl644d/jdA0g2uyXvy3sb0qxotE+ne0LtccHknQzWwZEzhak7oJ0COQ=="
    },
    "node_modules/path-to-regexp": {
      "version": "1.8.0",
      "resolved": "https://registry.npmjs.org/path-to-regexp/-/path-to-regexp-1.8.0.tgz",
      "integrity": "sha512-n43JRhlUKUAlibEJhPeir1ncUID16QnEjNpwzNdO3Lm4ywrBpBZ5oLD0I6br9evr1Y9JTqwRtAh7JLoOzAQdVA==",
      "dependencies": {
        "isarray": "0.0.1"
      }
    },
    "node_modules/piral-base": {
      "version": "1.4.3",
      "resolved": "https://registry.npmjs.org/piral-base/-/piral-base-1.4.3.tgz",
      "integrity": "sha512-prI8yVUKb/8qvV9wWLXP/3zpbwN1OorPTJ7b7bzPhetTufRyqHHRxs7GwR7JJqRPMzb0ywV/vty4eFoclN6tMQ==",
      "dependencies": {
        "tslib": "^2.3.1"
      },
      "funding": {
        "type": "github",
        "url": "https://github.com/sponsors/smapiot"
      }
    },
    "node_modules/piral-core": {
      "version": "1.4.3",
      "resolved": "https://registry.npmjs.org/piral-core/-/piral-core-1.4.3.tgz",
      "integrity": "sha512-p8lbwsF4u8z1TCDIDI3XnKHN7NwdHI/4EiWJV0evCiufX1qXEhbw0cKv12e+oe3eU9G2xKpKuSlpPO1RVl3DBQ==",
      "dependencies": {
        "path-to-regexp": "^1.8.0",
        "piral-base": "^1.4.3",
        "piral-debug-utils": "^1.4.3",
        "zustand": "^3.0.0"
      },
      "funding": {
        "type": "github",
        "url": "https://github.com/sponsors/smapiot"
      }
    },
    "node_modules/piral-debug-utils": {
      "version": "1.4.3",
      "resolved": "https://registry.npmjs.org/piral-debug-utils/-/piral-debug-utils-1.4.3.tgz",
      "integrity": "sha512-6XPsYUg4ZLp+UjSWF7nuBiSQsMqmfqlImW6WywMz/8UDuAy73ATMeos+wchQn0DUNade7W7zKy/pkQPkTHGKLQ=="
    },
    "node_modules/tslib": {
      "version": "2.6.2",
      "resolved": "https://registry.npmjs.org/tslib/-/tslib-2.6.2.tgz",
      "integrity": "sha512-AEYxH93jGFPn/a2iVAwW87VuUIkR1FVUKB77NwMF7nBTDkDrrT/Hpt/IrCJ0QXhW27jTBDcf5ZY7w6RiqTMw2Q=="
    },
    "node_modules/zustand": {
      "version": "3.7.2",
      "resolved": "https://registry.npmjs.org/zustand/-/zustand-3.7.2.tgz",
      "integrity": "sha512-PIJDIZKtokhof+9+60cpockVOq05sJzHCriyvaLBmEJixseQ1a5Kdov6fWZfWOu5SK9c+FhH1jU0tntLxRJYMA==",
      "engines": {
        "node": ">=12.7.0"
      },
      "peerDependencies": {
        "react": ">=16.8"
      },
      "peerDependenciesMeta": {
        "react": {
          "optional": true
        }
      }
    }
  }
}
